
Microsoft Visual Studio Solution File, Format Version 12.00
# Visual Studio 2015
Project("{FAE04EC0-301F-11D3-BF4B-00C04F79EFBC}") = "Whiskey_Prototyping", "Whiskey_Prototyping.csproj", "{A0804A57-2AFE-BB33-56E0-AFB11B3E0115}"
EndProject
Global
	GlobalSection(SolutionConfigurationPlatforms) = preSolution
		Debug|Any CPU = Debug|Any CPU
		Release|Any CPU = Release|Any CPU
	EndGlobalSection
	GlobalSection(ProjectConfigurationPlatforms) = postSolution
		{A0804A57-2AFE-BB33-56E0-AFB11B3E0115}.Debug|Any CPU.ActiveCfg = Debug|Any CPU
		{A0804A57-2AFE-BB33-56E0-AFB11B3E0115}.Debug|Any CPU.Build.0 = Debug|Any CPU
		{A0804A57-2AFE-BB33-56E0-AFB11B3E0115}.Release|Any CPU.ActiveCfg = Release|Any CPU
		{A0804A57-2AFE-BB33-56E0-AFB11B3E0115}.Release|Any CPU.Build.0 = Release|Any CPU
	EndGlobalSection
	GlobalSection(SolutionProperties) = preSolution
		HideSolutionNode = FALSE
	EndGlobalSection
EndGlobal
